
Microsoft Visual Studio Solution File, Format Version 12.00
# Visual Studio Version 17
VisualStudioVersion = 17.8.34408.163
MinimumVisualStudioVersion = 10.0.40219.1
Project("{FAE04EC0-301F-11D3-BF4B-00C04F79EFBC}") = "Urban Ease 2", "Urban Ease 2\Urban Ease 2.csproj", "{9839190C-145C-461E-961A-01FBE919D6BE}"
EndProject
Global
	GlobalSection(SolutionConfigurationPlatforms) = preSolution
		Debug|Any CPU = Debug|Any CPU
		Release|Any CPU = Release|Any CPU
	EndGlobalSection
	GlobalSection(ProjectConfigurationPlatforms) = postSolution
		{9839190C-145C-461E-961A-01FBE919D6BE}.Debug|Any CPU.ActiveCfg = Debug|Any CPU
		{9839190C-145C-461E-961A-01FBE919D6BE}.Debug|Any CPU.Build.0 = Debug|Any CPU
		{9839190C-145C-461E-961A-01FBE919D6BE}.Release|Any CPU.ActiveCfg = Release|Any CPU
		{9839190C-145C-461E-961A-01FBE919D6BE}.Release|Any CPU.Build.0 = Release|Any CPU
	EndGlobalSection
	GlobalSection(SolutionProperties) = preSolution
		HideSolutionNode = FALSE
	EndGlobalSection
	GlobalSection(ExtensibilityGlobals) = postSolution
		SolutionGuid = {9C18A52A-8A62-423E-A407-1DC971DFE444}
	EndGlobalSection
EndGlobal
